
Microsoft Visual Studio Solution File, Format Version 12.00
# Visual Studio Version 17
VisualStudioVersion = 17.9.34723.18
MinimumVisualStudioVersion = 10.0.40219.1
Project("{FAE04EC0-301F-11D3-BF4B-00C04F79EFBC}") = "WMBA4", "WMBA4\WMBA4.csproj", "{8DBC45E7-44E8-4AAE-A125-BF9FA5882E1A}"
EndProject
Global
	GlobalSection(SolutionConfigurationPlatforms) = preSolution
		Debug|Any CPU = Debug|Any CPU
		Release|Any CPU = Release|Any CPU
	EndGlobalSection
	GlobalSection(ProjectConfigurationPlatforms) = postSolution
		{8DBC45E7-44E8-4AAE-A125-BF9FA5882E1A}.Debug|Any CPU.ActiveCfg = Debug|Any CPU
		{8DBC45E7-44E8-4AAE-A125-BF9FA5882E1A}.Debug|Any CPU.Build.0 = Debug|Any CPU
		{8DBC45E7-44E8-4AAE-A125-BF9FA5882E1A}.Release|Any CPU.ActiveCfg = Release|Any CPU
		{8DBC45E7-44E8-4AAE-A125-BF9FA5882E1A}.Release|Any CPU.Build.0 = Release|Any CPU
	EndGlobalSection
	GlobalSection(SolutionProperties) = preSolution
		HideSolutionNode = FALSE
	EndGlobalSection
	GlobalSection(ExtensibilityGlobals) = postSolution
		SolutionGuid = {5D5411F0-4965-4F81-8193-3220A25F63BF}
	EndGlobalSection
EndGlobal
